// !$*UTF8*$!
{
	archiveVersion = 1;
	classes = {
	};
	objectVersion = 46;
	objects = {

/* Begin PBXBuildFile section */
		F28CE16319A3F6C4000C717F /* AppDelegate.swift in Sources */ = {isa = PBXBuildFile; fileRef = F28CE16219A3F6C4000C717F /* AppDelegate.swift */; };
		F28CE16619A3F6C4000C717F /* MusicLabel.xcdatamodeld in Sources */ = {isa = PBXBuildFile; fileRef = F28CE16419A3F6C4000C717F /* MusicLabel.xcdatamodeld */; };
		F28CE16819A3F6C4000C717F /* ViewController.swift in Sources */ = {isa = PBXBuildFile; fileRef = F28CE16719A3F6C4000C717F /* ViewController.swift */; };
		F28CE16B19A3F6C4000C717F /* Main.storyboard in Resources */ = {isa = PBXBuildFile; fileRef = F28CE16919A3F6C4000C717F /* Main.storyboard */; };
		F28CE16D19A3F6C4000C717F /* Images.xcassets in Resources */ = {isa = PBXBuildFile; fileRef = F28CE16C19A3F6C4000C717F /* Images.xcassets */; };
		F28CE17919A3F6C4000C717F /* MusicLabelTests.swift in Sources */ = {isa = PBXBuildFile; fileRef = F28CE17819A3F6C4000C717F /* MusicLabelTests.swift */; };
/* End PBXBuildFile section */

/* Begin PBXContainerItemProxy section */
		F28CE17319A3F6C4000C717F /* PBXContainerItemProxy */ = {
			isa = PBXContainerItemProxy;
			containerPortal = F28CE15519A3F6C4000C717F /* Project object */;
			proxyType = 1;
			remoteGlobalIDString = F28CE15C19A3F6C4000C717F;
			remoteInfo = MusicLabel;
		};
/* End PBXContainerItemProxy section */

/* Begin PBXFileReference section */
		F28CE15D19A3F6C4000C717F /* MusicLabel.app */ = {isa = PBXFileReference; explicitFileType = wrapper.application; includeInIndex = 0; path = MusicLabel.app; sourceTree = BUILT_PRODUCTS_DIR; };
		F28CE16119A3F6C4000C717F /* Info.plist */ = {isa = PBXFileReference; lastKnownFileType = text.plist.xml; path = Info.plist; sourceTree = "<group>"; };
		F28CE16219A3F6C4000C717F /* AppDelegate.swift */ = {isa = PBXFileReference; lastKnownFileType = sourcecode.swift; path = AppDelegate.swift; sourceTree = "<group>"; };
		F28CE16519A3F6C4000C717F /* MusicLabel.xcdatamodel */ = {isa = PBXFileReference; lastKnownFileType = wrapper.xcdatamodel; path = MusicLabel.xcdatamodel; sourceTree = "<group>"; };
		F28CE16719A3F6C4000C717F /* ViewController.swift */ = {isa = PBXFileReference; lastKnownFileType = sourcecode.swift; path = ViewController.swift; sourceTree = "<group>"; };
		F28CE16A19A3F6C4000C717F /* Base */ = {isa = PBXFileReference; lastKnownFileType = file.storyboard; name = Base; path = Base.lproj/Main.storyboard; sourceTree = "<group>"; };
		F28CE16C19A3F6C4000C717F /* Images.xcassets */ = {isa = PBXFileReference; lastKnownFileType = folder.assetcatalog; path = Images.xcassets; sourceTree = "<group>"; };
		F28CE17219A3F6C4000C717F /* MusicLabelTests.xctest */ = {isa = PBXFileReference; explicitFileType = wrapper.cfbundle; includeInIndex = 0; path = MusicLabelTests.xctest; sourceTree = BUILT_PRODUCTS_DIR; };
		F28CE17719A3F6C4000C717F /* Info.plist */ = {isa = PBXFileReference; lastKnownFileType = text.plist.xml; path = Info.plist; sourceTree = "<group>"; };
		F28CE17819A3F6C4000C717F /* MusicLabelTests.swift */ = {isa = PBXFileReference; lastKnownFileType = sourcecode.swift; path = MusicLabelTests.swift; sourceTree = "<group>"; };
/* End PBXFileReference section */

/* Begin PBXFrameworksBuildPhase section */
		F28CE15A19A3F6C4000C717F /* Frameworks */ = {
			isa = PBXFrameworksBuildPhase;
			buildActionMask = 2147483647;
			files = (
			);
			runOnlyForDeploymentPostprocessing = 0;
		};
		F28CE16F19A3F6C4000C717F /* Frameworks */ = {
			isa = PBXFrameworksBuildPhase;
			buildActionMask = 2147483647;
			files = (
			);
			runOnlyForDeploymentPostprocessing = 0;
		};
/* End PBXFrameworksBuildPhase section */

/* Begin PBXGroup section */
		F28CE15419A3F6C4000C717F = {
			isa = PBXGroup;
			children = (
				F28CE15F19A3F6C4000C717F /* MusicLabel */,
				F28CE17519A3F6C4000C717F /* MusicLabelTests */,
				F28CE15E19A3F6C4000C717F /* Products */,
			);
			sourceTree = "<group>";
		};
		F28CE15E19A3F6C4000C717F /* Products */ = {
			isa = PBXGroup;
			children = (
				F28CE15D19A3F6C4000C717F /* MusicLabel.app */,
				F28CE17219A3F6C4000C717F /* MusicLabelTests.xctest */,
			);
			name = Products;
			sourceTree = "<group>";
		};
		F28CE15F19A3F6C4000C717F /* MusicLabel */ = {
			isa = PBXGroup;
			children = (
				F28CE16219A3F6C4000C717F /* AppDelegate.swift */,
				F28CE16719A3F6C4000C717F /* ViewController.swift */,
				F28CE16919A3F6C4000C717F /* Main.storyboard */,
				F28CE16C19A3F6C4000C717F /* Images.xcassets */,
				F28CE16419A3F6C4000C717F /* MusicLabel.xcdatamodeld */,
				F28CE16019A3F6C4000C717F /* Supporting Files */,
			);
			path = MusicLabel;
			sourceTree = "<group>";
		};
		F28CE16019A3F6C4000C717F /* Supporting Files */ = {
			isa = PBXGroup;
			children = (
				F28CE16119A3F6C4000C717F /* Info.plist */,
			);
			name = "Supporting Files";
			sourceTree = "<group>";
		};
		F28CE17519A3F6C4000C717F /* MusicLabelTests */ = {
			isa = PBXGroup;
			children = (
				F28CE17819A3F6C4000C717F /* MusicLabelTests.swift */,
				F28CE17619A3F6C4000C717F /* Supporting Files */,
			);
			path = MusicLabelTests;
			sourceTree = "<group>";
		};
		F28CE17619A3F6C4000C717F /* Supporting Files */ = {
			isa = PBXGroup;
			children = (
				F28CE17719A3F6C4000C717F /* Info.plist */,
			);
			name = "Supporting Files";
			sourceTree = "<group>";
		};
/* End PBXGroup section */

/* Begin PBXNativeTarget section */
		F28CE15C19A3F6C4000C717F /* MusicLabel */ = {
			isa = PBXNativeTarget;
			buildConfigurationList = F28CE17C19A3F6C4000C717F /* Build configuration list for PBXNativeTarget "MusicLabel" */;
			buildPhases = (
				F28CE15919A3F6C4000C717F /* Sources */,
				F28CE15A19A3F6C4000C717F /* Frameworks */,
				F28CE15B19A3F6C4000C717F /* Resources */,
			);
			buildRules = (
			);
			dependencies = (
			);
			name = MusicLabel;
			productName = MusicLabel;
			productReference = F28CE15D19A3F6C4000C717F /* MusicLabel.app */;
			productType = "com.apple.product-type.application";
		};
		F28CE17119A3F6C4000C717F /* MusicLabelTests */ = {
			isa = PBXNativeTarget;
			buildConfigurationList = F28CE17F19A3F6C4000C717F /* Build configuration list for PBXNativeTarget "MusicLabelTests" */;
			buildPhases = (
				F28CE16E19A3F6C4000C717F /* Sources */,
				F28CE16F19A3F6C4000C717F /* Frameworks */,
				F28CE17019A3F6C4000C717F /* Resources */,
			);
			buildRules = (
			);
			dependencies = (
				F28CE17419A3F6C4000C717F /* PBXTargetDependency */,
			);
			name = MusicLabelTests;
			productName = MusicLabelTests;
			productReference = F28CE17219A3F6C4000C717F /* MusicLabelTests.xctest */;
			productType = "com.apple.product-type.bundle.unit-test";
		};
/* End PBXNativeTarget section */

/* Begin PBXProject section */
		F28CE15519A3F6C4000C717F /* Project object */ = {
			isa = PBXProject;
			attributes = {
				LastUpgradeCheck = 0600;
				ORGANIZATIONNAME = "Michael Tirenin";
				TargetAttributes = {
					F28CE15C19A3F6C4000C717F = {
						CreatedOnToolsVersion = 6.0;
					};
					F28CE17119A3F6C4000C717F = {
						CreatedOnToolsVersion = 6.0;
						TestTargetID = F28CE15C19A3F6C4000C717F;
					};
				};
			};
			buildConfigurationList = F28CE15819A3F6C4000C717F /* Build configuration list for PBXProject "MusicLabel" */;
			compatibilityVersion = "Xcode 3.2";
			developmentRegion = English;
			hasScannedForEncodings = 0;
			knownRegions = (
				en,
				Base,
			);
			mainGroup = F28CE15419A3F6C4000C717F;
			productRefGroup = F28CE15E19A3F6C4000C717F /* Products */;
			projectDirPath = "";
			projectRoot = "";
			targets = (
				F28CE15C19A3F6C4000C717F /* MusicLabel */,
				F28CE17119A3F6C4000C717F /* MusicLabelTests */,
			);
		};
/* End PBXProject section */

/* Begin PBXResourcesBuildPhase section */
		F28CE15B19A3F6C4000C717F /* Resources */ = {
			isa = PBXResourcesBuildPhase;
			buildActionMask = 2147483647;
			files = (
				F28CE16B19A3F6C4000C717F /* Main.storyboard in Resources */,
				F28CE16D19A3F6C4000C717F /* Images.xcassets in Resources */,
			);
			runOnlyForDeploymentPostprocessing = 0;
		};
		F28CE17019A3F6C4000C717F /* Resources */ = {
			isa = PBXResourcesBuildPhase;
			buildActionMask = 2147483647;
			files = (
			);
			runOnlyForDeploymentPostprocessing = 0;
		};
/* End PBXResourcesBuildPhase section */

/* Begin PBXSourcesBuildPhase section */
		F28CE15919A3F6C4000C717F /* Sources */ = {
			isa = PBXSourcesBuildPhase;
			buildActionMask = 2147483647;
			files = (
				F28CE16819A3F6C4000C717F /* ViewController.swift in Sources */,
				F28CE16619A3F6C4000C717F /* MusicLabel.xcdatamodeld in Sources */,
				F28CE16319A3F6C4000C717F /* AppDelegate.swift in Sources */,
			);
			runOnlyForDeploymentPostprocessing = 0;
		};
		F28CE16E19A3F6C4000C717F /* Sources */ = {
			isa = PBXSourcesBuildPhase;
			buildActionMask = 2147483647;
			files = (
				F28CE17919A3F6C4000C717F /* MusicLabelTests.swift in Sources */,
			);
			runOnlyForDeploymentPostprocessing = 0;
		};
/* End PBXSourcesBuildPhase section */

/* Begin PBXTargetDependency section */
		F28CE17419A3F6C4000C717F /* PBXTargetDependency */ = {
			isa = PBXTargetDependency;
			target = F28CE15C19A3F6C4000C717F /* MusicLabel */;
			targetProxy = F28CE17319A3F6C4000C717F /* PBXContainerItemProxy */;
		};
/* End PBXTargetDependency section */

/* Begin PBXVariantGroup section */
		F28CE16919A3F6C4000C717F /* Main.storyboard */ = {
			isa = PBXVariantGroup;
			children = (
				F28CE16A19A3F6C4000C717F /* Base */,
			);
			name = Main.storyboard;
			sourceTree = "<group>";
		};
/* End PBXVariantGroup section */

/* Begin XCBuildConfiguration section */
		F28CE17A19A3F6C4000C717F /* Debug */ = {
			isa = XCBuildConfiguration;
			buildSettings = {
				ALWAYS_SEARCH_USER_PATHS = NO;
				CLANG_CXX_LANGUAGE_STANDARD = "gnu++0x";
				CLANG_CXX_LIBRARY = "libc++";
				CLANG_ENABLE_MODULES = YES;
				CLANG_ENABLE_OBJC_ARC = YES;
				CLANG_WARN_BOOL_CONVERSION = YES;
				CLANG_WARN_CONSTANT_CONVERSION = YES;
				CLANG_WARN_DIRECT_OBJC_ISA_USAGE = YES_ERROR;
				CLANG_WARN_EMPTY_BODY = YES;
				CLANG_WARN_ENUM_CONVERSION = YES;
				CLANG_WARN_INT_CONVERSION = YES;
				CLANG_WARN_OBJC_ROOT_CLASS = YES_ERROR;
				CLANG_WARN_UNREACHABLE_CODE = YES;
				CLANG_WARN__DUPLICATE_METHOD_MATCH = YES;
				"CODE_SIGN_IDENTITY[sdk=iphoneos*]" = "iPhone Developer";
				COPY_PHASE_STRIP = NO;
				ENABLE_STRICT_OBJC_MSGSEND = YES;
				GCC_C_LANGUAGE_STANDARD = gnu99;
				GCC_DYNAMIC_NO_PIC = NO;
				GCC_OPTIMIZATION_LEVEL = 0;
				GCC_PREPROCESSOR_DEFINITIONS = (
					"DEBUG=1",
					"$(inherited)",
				);
				GCC_SYMBOLS_PRIVATE_EXTERN = NO;
				GCC_WARN_64_TO_32_BIT_CONVERSION = YES;
				GCC_WARN_ABOUT_RETURN_TYPE = YES_ERROR;
				GCC_WARN_UNDECLARED_SELECTOR = YES;
				GCC_WARN_UNINITIALIZED_AUTOS = YES_AGGRESSIVE;
				GCC_WARN_UNUSED_FUNCTION = YES;
				GCC_WARN_UNUSED_VARIABLE = YES;
				IPHONEOS_DEPLOYMENT_TARGET = 8.0;
				MTL_ENABLE_DEBUG_INFO = YES;
				ONLY_ACTIVE_ARCH = YES;
				SDKROOT = iphoneos;
				SWIFT_OPTIMIZATION_LEVEL = "-Onone";
				TARGETED_DEVICE_FAMILY = "1,2";
			};
			name = Debug;
		};
		F28CE17B19A3F6C4000C717F /* Release */ = {
			isa = XCBuildConfiguration;
			buildSettings = {
				ALWAYS_SEARCH_USER_PATHS = NO;
				CLANG_CXX_LANGUAGE_STANDARD = "gnu++0x";
				CLANG_CXX_LIBRARY = "libc++";
				CLANG_ENABLE_MODULES = YES;
				CLANG_ENABLE_OBJC_ARC = YES;
				CLANG_WARN_BOOL_CONVERSION = YES;
				CLANG_WARN_CONSTANT_CONVERSION = YES;
				CLANG_WARN_DIRECT_OBJC_ISA_USAGE = YES_ERROR;
				CLANG_WARN_EMPTY_BODY = YES;
				CLANG_WARN_ENUM_CONVERSION = YES;
				CLANG_WARN_INT_CONVERSION = YES;
				CLANG_WARN_OBJC_ROOT_CLASS = YES_ERROR;
				CLANG_WARN_UNREACHABLE_CODE = YES;
				CLANG_WARN__DUPLICATE_METHOD_MATCH = YES;
				"CODE_SIGN_IDENTITY[sdk=iphoneos*]" = "iPhone Developer";
				COPY_PHASE_STRIP = YES;
				ENABLE_NS_ASSERTIONS = NO;
				ENABLE_STRICT_OBJC_MSGSEND = YES;
				GCC_C_LANGUAGE_STANDARD = gnu99;
				GCC_WARN_64_TO_32_BIT_CONVERSION = YES;
				GCC_WARN_ABOUT_RETURN_TYPE = YES_ERROR;
				GCC_WARN_UNDECLARED_SELECTOR = YES;
				GCC_WARN_UNINITIALIZED_AUTOS = YES_AGGRESSIVE;
				GCC_WARN_UNUSED_FUNCTION = YES;
				GCC_WARN_UNUSED_VARIABLE = YES;
				IPHONEOS_DEPLOYMENT_TARGET = 8.0;
				MTL_ENABLE_DEBUG_INFO = NO;
				SDKROOT = iphoneos;
				TARGETED_DEVICE_FAMILY = "1,2";
				VALIDATE_PRODUCT = YES;
			};
			name = Release;
		};
		F28CE17D19A3F6C4000C717F /* Debug */ = {
			isa = XCBuildConfiguration;
			buildSettings = {
				ASSETCATALOG_COMPILER_APPICON_NAME = AppIcon;
				ASSETCATALOG_COMPILER_LAUNCHIMAGE_NAME = LaunchImage;
				INFOPLIST_FILE = MusicLabel/Info.plist;
				LD_RUNPATH_SEARCH_PATHS = "$(inherited) @executable_path/Frameworks";
				PRODUCT_NAME = "$(TARGET_NAME)";
			};
			name = Debug;
		};
		F28CE17E19A3F6C4000C717F /* Release */ = {
			isa = XCBuildConfiguration;
			buildSettings = {
				ASSETCATALOG_COMPILER_APPICON_NAME = AppIcon;
				ASSETCATALOG_COMPILER_LAUNCHIMAGE_NAME = LaunchImage;
				INFOPLIST_FILE = MusicLabel/Info.plist;
				LD_RUNPATH_SEARCH_PATHS = "$(inherited) @executable_path/Frameworks";
				PRODUCT_NAME = "$(TARGET_NAME)";
			};
			name = Release;
		};
		F28CE18019A3F6C4000C717F /* Debug */ = {
			isa = XCBuildConfiguration;
			buildSettings = {
				BUNDLE_LOADER = "$(TEST_HOST)";
				FRAMEWORK_SEARCH_PATHS = (
					"$(SDKROOT)/Developer/Library/Frameworks",
					"$(inherited)",
				);
				GCC_PREPROCESSOR_DEFINITIONS = (
					"DEBUG=1",
					"$(inherited)",
				);
				INFOPLIST_FILE = MusicLabelTests/Info.plist;
				LD_RUNPATH_SEARCH_PATHS = "$(inherited) @executable_path/Frameworks @loader_path/Frameworks";
				PRODUCT_NAME = "$(TARGET_NAME)";
				TEST_HOST = "$(BUILT_PRODUCTS_DIR)/MusicLabel.app/MusicLabel";
			};
			name = Debug;
		};
		F28CE18119A3F6C4000C717F /* Release */ = {
			isa = XCBuildConfiguration;
			buildSettings = {
				BUNDLE_LOADER = "$(TEST_HOST)";
				FRAMEWORK_SEARCH_PATHS = (
					"$(SDKROOT)/Developer/Library/Frameworks",
					"$(inherited)",
				);
				INFOPLIST_FILE = MusicLabelTests/Info.plist;
				LD_RUNPATH_SEARCH_PATHS = "$(inherited) @executable_path/Frameworks @loader_path/Frameworks";
				PRODUCT_NAME = "$(TARGET_NAME)";
				TEST_HOST = "$(BUILT_PRODUCTS_DIR)/MusicLabel.app/MusicLabel";
			};
			name = Release;
		};
/* End XCBuildConfiguration section */

/* Begin XCConfigurationList section */
		F28CE15819A3F6C4000C717F /* Build configuration list for PBXProject "MusicLabel" */ = {
			isa = XCConfigurationList;
			buildConfigurations = (
				F28CE17A19A3F6C4000C717F /* Debug */,
				F28CE17B19A3F6C4000C717F /* Release */,
			);
			defaultConfigurationIsVisible = 0;
			defaultConfigurationName = Release;
		};
		F28CE17C19A3F6C4000C717F /* Build configuration list for PBXNativeTarget "MusicLabel" */ = {
			isa = XCConfigurationList;
			buildConfigurations = (
				F28CE17D19A3F6C4000C717F /* Debug */,
				F28CE17E19A3F6C4000C717F /* Release */,
			);
			defaultConfigurationIsVisible = 0;
		};
		F28CE17F19A3F6C4000C717F /* Build configuration list for PBXNativeTarget "MusicLabelTests" */ = {
			isa = XCConfigurationList;
			buildConfigurations = (
				F28CE18019A3F6C4000C717F /* Debug */,
				F28CE18119A3F6C4000C717F /* Release */,
			);
			defaultConfigurationIsVisible = 0;
		};
/* End XCConfigurationList section */

/* Begin XCVersionGroup section */
		F28CE16419A3F6C4000C717F /* MusicLabel.xcdatamodeld */ = {
			isa = XCVersionGroup;
			children = (
				F28CE16519A3F6C4000C717F /* MusicLabel.xcdatamodel */,
			);
			currentVersion = F28CE16519A3F6C4000C717F /* MusicLabel.xcdatamodel */;
			path = MusicLabel.xcdatamodeld;
			sourceTree = "<group>";
			versionGroupType = wrapper.xcdatamodel;
		};
/* End XCVersionGroup section */
	};
	rootObject = F28CE15519A3F6C4000C717F /* Project object */;
}
